
Microsoft Visual Studio Solution File, Format Version 12.00
# Visual Studio Version 16
VisualStudioVersion = 16.0.29911.84
MinimumVisualStudioVersion = 10.0.40219.1
Project("{FAE04EC0-301F-11D3-BF4B-00C04F79EFBC}") = "Tagging", "Tagging\Tagging.csproj", "{9EE4DFD2-E1D5-406C-8B51-E1E4E821B071}"
EndProject
Global
	GlobalSection(SolutionConfigurationPlatforms) = preSolution
		Debug|Any CPU = Debug|Any CPU
		Release|Any CPU = Release|Any CPU
	EndGlobalSection
	GlobalSection(ProjectConfigurationPlatforms) = postSolution
		{9EE4DFD2-E1D5-406C-8B51-E1E4E821B071}.Debug|Any CPU.ActiveCfg = Debug|Any CPU
		{9EE4DFD2-E1D5-406C-8B51-E1E4E821B071}.Debug|Any CPU.Build.0 = Debug|Any CPU
		{9EE4DFD2-E1D5-406C-8B51-E1E4E821B071}.Release|Any CPU.ActiveCfg = Release|Any CPU
		{9EE4DFD2-E1D5-406C-8B51-E1E4E821B071}.Release|Any CPU.Build.0 = Release|Any CPU
	EndGlobalSection
	GlobalSection(SolutionProperties) = preSolution
		HideSolutionNode = FALSE
	EndGlobalSection
	GlobalSection(ExtensibilityGlobals) = postSolution
		SolutionGuid = {8C38884D-054E-4730-A1EE-52C02A7EC3EC}
	EndGlobalSection
EndGlobal
